# THIS IS AN AUTOGENERATED FILE. DO NOT EDIT THIS FILE DIRECTLY.
# yarn lockfile v1


"@types/amqplib@^0.5.0":
  version "0.5.0"
  resolved "https://registry.yarnpkg.com/@types/amqplib/-/amqplib-0.5.0.tgz#ab8935f0a1e1ea122d37aa8ec2878efdb6a79cb0"
  dependencies:
    "@types/bluebird" "*"
    "@types/node" "*"

"@types/bluebird@*":
  version "3.0.36"
  resolved "https://registry.yarnpkg.com/@types/bluebird/-/bluebird-3.0.36.tgz#b804ddd1b1a082cf3e2137dfa7b5287f437c29b7"

"@types/node@*":
  version "6.0.51"
  resolved "https://registry.yarnpkg.com/@types/node/-/node-6.0.51.tgz#84cbf25111516ec9304d0b61469dc0fa9d12ba32"

amqplib@^0.5.0:
  version "0.5.1"
  resolved "https://registry.yarnpkg.com/amqplib/-/amqplib-0.5.1.tgz#7cccfebabe56c2e984ea7a2243f7cefe6fbfc6cf"
  dependencies:
    bitsyntax "~0.0.4"
    bluebird "^3.4.6"
    buffer-more-ints "0.0.2"
    readable-stream "1.x >=1.1.9"

bitsyntax@~0.0.4:
  version "0.0.4"
  resolved "https://registry.yarnpkg.com/bitsyntax/-/bitsyntax-0.0.4.tgz#eb10cc6f82b8c490e3e85698f07e83d46e0cba82"
  dependencies:
    buffer-more-ints "0.0.2"

bluebird@^3.4.6:
  version "3.4.6"
  resolved "https://registry.yarnpkg.com/bluebird/-/bluebird-3.4.6.tgz#01da8d821d87813d158967e743d5fe6c62cf8c0f"

buffer-more-ints@0.0.2:
  version "0.0.2"
  resolved "https://registry.yarnpkg.com/buffer-more-ints/-/buffer-more-ints-0.0.2.tgz#26b3885d10fa13db7fc01aae3aab870199e0124c"

core-util-is@~1.0.0:
  version "1.0.2"
  resolved "https://registry.yarnpkg.com/core-util-is/-/core-util-is-1.0.2.tgz#b5fd54220aa2bc5ab57aab7140c940754503c1a7"

crypto@0.0.3:
  version "0.0.3"
  resolved "https://registry.yarnpkg.com/crypto/-/crypto-0.0.3.tgz#470a81b86be4c5ee17acc8207a1f5315ae20dbb0"

inherits@~2.0.1:
  version "2.0.3"
  resolved "https://registry.yarnpkg.com/inherits/-/inherits-2.0.3.tgz#633c2c83e3da42a502f52466022480f4208261de"

isarray@0.0.1:
  version "0.0.1"
  resolved "https://registry.yarnpkg.com/isarray/-/isarray-0.0.1.tgz#8a18acfca9a8f4177e09abfc6038939b05d1eedf"

meteor-random@0.0.3:
  version "0.0.3"
  resolved "https://registry.yarnpkg.com/meteor-random/-/meteor-random-0.0.3.tgz#0d1489ecdb9bcb58bb52decebfbceddf54473a68"
  dependencies:
    crypto "0.0.3"

protochain@^1.0.5:
  version "1.0.5"
  resolved "https://registry.yarnpkg.com/protochain/-/protochain-1.0.5.tgz#991c407e99de264aadf8f81504b5e7faf7bfa260"

"readable-stream@1.x >=1.1.9":
  version "1.1.14"
  resolved "https://registry.yarnpkg.com/readable-stream/-/readable-stream-1.1.14.tgz#7cf4c54ef648e3813084c636dd2079e166c081d9"
  dependencies:
    core-util-is "~1.0.0"
    inherits "~2.0.1"
    isarray "0.0.1"
    string_decoder "~0.10.x"

serializerr@^1.0.3:
  version "1.0.3"
  resolved "https://registry.yarnpkg.com/serializerr/-/serializerr-1.0.3.tgz#12d4c5aa1c3ffb8f6d1dc5f395aa9455569c3f91"
  dependencies:
    protochain "^1.0.5"

string_decoder@~0.10.x:
  version "0.10.31"
  resolved "https://registry.yarnpkg.com/string_decoder/-/string_decoder-0.10.31.tgz#62e203bc41766c6c28c9fc84301dab1c5310fa94"
